PODS:
  - BaiduBCEPlayerFull (2.2.4):
    - openssl-ios-bitcode (~> 1.0.210)
  - Masonry (1.1.0)
  - openssl-ios-bitcode (1.0.216)
  - TWBaseTool (0.1.3)

DEPENDENCIES:
  - BaiduBCEPlayerFull (~> 2.2.4)
  - Masonry
  - TWBaseTool

SPEC REPOS:
  https://github.com/cocoapods/specs.git:
    - BaiduBCEPlayerFull
    - Masonry
    - openssl-ios-bitcode
    - TWBaseTool

SPEC CHECKSUMS:
  BaiduBCEPlayerFull: d9be762969a912b14db39e65426f52c0929cbc56
  Masonry: 678fab65091a9290e40e2832a55e7ab731aad201
  openssl-ios-bitcode: b46298bcbc3e218fe13e376142af616850a36f7d
  TWBaseTool: 9e8b69d0090e074c315d472b3d047dd68e32ba33

PODFILE CHECKSUM: 5c653817e2da397e217eff03af485e4946c26a52

COCOAPODS: 1.5.3
